
Microsoft Visual Studio Solution File, Format Version 12.00
# Visual Studio Version 17
VisualStudioVersion = 17.14.36518.9 d17.14
MinimumVisualStudioVersion = 10.0.40219.1
Project("{FAE04EC0-301F-11D3-BF4B-00C04F79EFBC}") = "MoreFormulasQX", "MoreFormulasQX\MoreFormulasQX.csproj", "{5FD52C6B-A048-4505-B6BD-D0C843B92665}"
EndProject
Global
	GlobalSection(SolutionConfigurationPlatforms) = preSolution
		Debug|Any CPU = Debug|Any CPU
		Release|Any CPU = Release|Any CPU
	EndGlobalSection
	GlobalSection(ProjectConfigurationPlatforms) = postSolution
		{5FD52C6B-A048-4505-B6BD-D0C843B92665}.Debug|Any CPU.ActiveCfg = Debug|Any CPU
		{5FD52C6B-A048-4505-B6BD-D0C843B92665}.Debug|Any CPU.Build.0 = Debug|Any CPU
		{5FD52C6B-A048-4505-B6BD-D0C843B92665}.Release|Any CPU.ActiveCfg = Release|Any CPU
		{5FD52C6B-A048-4505-B6BD-D0C843B92665}.Release|Any CPU.Build.0 = Release|Any CPU
	EndGlobalSection
	GlobalSection(SolutionProperties) = preSolution
		HideSolutionNode = FALSE
	EndGlobalSection
	GlobalSection(ExtensibilityGlobals) = postSolution
		SolutionGuid = {0D0F08E8-2E0D-4863-84B6-2DC40AAAD2F1}
	EndGlobalSection
EndGlobal
